
Microsoft Visual Studio Solution File, Format Version 12.00
# Visual Studio Version 16
VisualStudioVersion = 16.6.30114.105
MinimumVisualStudioVersion = 10.0.40219.1
Project("{FAE04EC0-301F-11D3-BF4B-00C04F79EFBC}") = "Data", "src\Data\Data.csproj", "{1D5C0BDD-9D0A-4849-86E0-FE904F9A1F3E}"
EndProject
Project("{2150E333-8FDC-42A3-9474-1A3956D46DE8}") = "test", "test", "{D09148E2-D836-4E44-8D97-87EB094237E4}"
EndProject
Project("{FAE04EC0-301F-11D3-BF4B-00C04F79EFBC}") = "Tests", "src\test\Tests\Tests.csproj", "{896C7174-7249-4CD8-A7F1-58F27D637BF1}"
EndProject
Project("{FAE04EC0-301F-11D3-BF4B-00C04F79EFBC}") = "Storage", "src\Storage\Storage.csproj", "{61852A44-BC38-4CF4-8BA9-AF5335784ACB}"
EndProject
Global
	GlobalSection(SolutionConfigurationPlatforms) = preSolution
		Debug|Any CPU = Debug|Any CPU
		Debug|x64 = Debug|x64
		Debug|x86 = Debug|x86
		Release|Any CPU = Release|Any CPU
		Release|x64 = Release|x64
		Release|x86 = Release|x86
	EndGlobalSection
	GlobalSection(SolutionProperties) = preSolution
		HideSolutionNode = FALSE
	EndGlobalSection
	GlobalSection(ProjectConfigurationPlatforms) = postSolution
		{1D5C0BDD-9D0A-4849-86E0-FE904F9A1F3E}.Debug|Any CPU.ActiveCfg = Debug|Any CPU
		{1D5C0BDD-9D0A-4849-86E0-FE904F9A1F3E}.Debug|Any CPU.Build.0 = Debug|Any CPU
		{1D5C0BDD-9D0A-4849-86E0-FE904F9A1F3E}.Debug|x64.ActiveCfg = Debug|Any CPU
		{1D5C0BDD-9D0A-4849-86E0-FE904F9A1F3E}.Debug|x64.Build.0 = Debug|Any CPU
		{1D5C0BDD-9D0A-4849-86E0-FE904F9A1F3E}.Debug|x86.ActiveCfg = Debug|Any CPU
		{1D5C0BDD-9D0A-4849-86E0-FE904F9A1F3E}.Debug|x86.Build.0 = Debug|Any CPU
		{1D5C0BDD-9D0A-4849-86E0-FE904F9A1F3E}.Release|Any CPU.ActiveCfg = Release|Any CPU
		{1D5C0BDD-9D0A-4849-86E0-FE904F9A1F3E}.Release|Any CPU.Build.0 = Release|Any CPU
		{1D5C0BDD-9D0A-4849-86E0-FE904F9A1F3E}.Release|x64.ActiveCfg = Release|Any CPU
		{1D5C0BDD-9D0A-4849-86E0-FE904F9A1F3E}.Release|x64.Build.0 = Release|Any CPU
		{1D5C0BDD-9D0A-4849-86E0-FE904F9A1F3E}.Release|x86.ActiveCfg = Release|Any CPU
		{1D5C0BDD-9D0A-4849-86E0-FE904F9A1F3E}.Release|x86.Build.0 = Release|Any CPU
		{896C7174-7249-4CD8-A7F1-58F27D637BF1}.Debug|Any CPU.ActiveCfg = Debug|Any CPU
		{896C7174-7249-4CD8-A7F1-58F27D637BF1}.Debug|Any CPU.Build.0 = Debug|Any CPU
		{896C7174-7249-4CD8-A7F1-58F27D637BF1}.Debug|x64.ActiveCfg = Debug|Any CPU
		{896C7174-7249-4CD8-A7F1-58F27D637BF1}.Debug|x64.Build.0 = Debug|Any CPU
		{896C7174-7249-4CD8-A7F1-58F27D637BF1}.Debug|x86.ActiveCfg = Debug|Any CPU
		{896C7174-7249-4CD8-A7F1-58F27D637BF1}.Debug|x86.Build.0 = Debug|Any CPU
		{896C7174-7249-4CD8-A7F1-58F27D637BF1}.Release|Any CPU.ActiveCfg = Release|Any CPU
		{896C7174-7249-4CD8-A7F1-58F27D637BF1}.Release|Any CPU.Build.0 = Release|Any CPU
		{896C7174-7249-4CD8-A7F1-58F27D637BF1}.Release|x64.ActiveCfg = Release|Any CPU
		{896C7174-7249-4CD8-A7F1-58F27D637BF1}.Release|x64.Build.0 = Release|Any CPU
		{896C7174-7249-4CD8-A7F1-58F27D637BF1}.Release|x86.ActiveCfg = Release|Any CPU
		{896C7174-7249-4CD8-A7F1-58F27D637BF1}.Release|x86.Build.0 = Release|Any CPU
		{61852A44-BC38-4CF4-8BA9-AF5335784ACB}.Debug|Any CPU.ActiveCfg = Debug|Any CPU
		{61852A44-BC38-4CF4-8BA9-AF5335784ACB}.Debug|Any CPU.Build.0 = Debug|Any CPU
		{61852A44-BC38-4CF4-8BA9-AF5335784ACB}.Debug|x64.ActiveCfg = Debug|Any CPU
		{61852A44-BC38-4CF4-8BA9-AF5335784ACB}.Debug|x64.Build.0 = Debug|Any CPU
		{61852A44-BC38-4CF4-8BA9-AF5335784ACB}.Debug|x86.ActiveCfg = Debug|Any CPU
		{61852A44-BC38-4CF4-8BA9-AF5335784ACB}.Debug|x86.Build.0 = Debug|Any CPU
		{61852A44-BC38-4CF4-8BA9-AF5335784ACB}.Release|Any CPU.ActiveCfg = Release|Any CPU
		{61852A44-BC38-4CF4-8BA9-AF5335784ACB}.Release|Any CPU.Build.0 = Release|Any CPU
		{61852A44-BC38-4CF4-8BA9-AF5335784ACB}.Release|x64.ActiveCfg = Release|Any CPU
		{61852A44-BC38-4CF4-8BA9-AF5335784ACB}.Release|x64.Build.0 = Release|Any CPU
		{61852A44-BC38-4CF4-8BA9-AF5335784ACB}.Release|x86.ActiveCfg = Release|Any CPU
		{61852A44-BC38-4CF4-8BA9-AF5335784ACB}.Release|x86.Build.0 = Release|Any CPU
	EndGlobalSection
	GlobalSection(NestedProjects) = preSolution
		{896C7174-7249-4CD8-A7F1-58F27D637BF1} = {D09148E2-D836-4E44-8D97-87EB094237E4}
	EndGlobalSection
EndGlobal
